github.com/karincake/semprit v0.0.1 h1:LMESPhk7OTZSm6obTHF7g6neyZwh3rupXph/ufZaKT0=
github.com/karincake/semprit v0.0.1/go.mod h1:BRDYKjUqxMYnXnYaKjYPiNx9Q/VfoN8JrxAdZeGrsDQ=
github.com/karincake/tempe v0.0.8 h1:EcILkKuYlCRfhOs/RGCZNDcHCNfYVAH7Kf4i/Fu9pKs=
github.com/karincake/tempe v0.0.8/go.mod h1:xcL8U1S4oofQ+YeCxlw6tmcErdp7PL9Ad04caBB/laY=
