github.com/karincake/semprit v0.0.2 h1:54g3s6aK19z11O1+Wbx1s0RWnD9vY6CC4WfNj7cXlwI=
github.com/karincake/semprit v0.0.2/go.mod h1:BRDYKjUqxMYnXnYaKjYPiNx9Q/VfoN8JrxAdZeGrsDQ=
github.com/karincake/tempe v0.0.8 h1:EcILkKuYlCRfhOs/RGCZNDcHCNfYVAH7Kf4i/Fu9pKs=
github.com/karincake/tempe v0.0.8/go.mod h1:xcL8U1S4oofQ+YeCxlw6tmcErdp7PL9Ad04caBB/laY=
