github.com/karincake/dodol v0.0.1 h1:jUXmJh1r0Ei4fmHPZ6IUkoplW/V9d27L63JEl6zudL0=
github.com/karincake/dodol v0.0.1/go.mod h1:2f1NcvkvY0J3GMUkwILNDYVvRUpz0W3lpPp/Ha/Ld24=
github.com/karincake/semprit v0.0.3 h1:znleGRu73xrHk6a70+jRQgVh9VF3TAhttQz6vfgNdyM=
github.com/karincake/semprit v0.0.3/go.mod h1:nLtNmWlHkxMKG0IMzqnnfkn1L/RVYGXVW3LchfYQMu8=
